
Microsoft Visual Studio Solution File, Format Version 12.00
# Visual Studio Version 17
VisualStudioVersion = 17.4.33205.214
MinimumVisualStudioVersion = 10.0.40219.1
Project("{9A19103F-16F7-4668-BE54-9A1E7A4F7556}") = "MagicVilla_VillaAPI", "MagicVilla_VillaAPI\MagicVilla_VillaAPI.csproj", "{10AB8070-FA05-4A79-9323-B1ECA1C8C383}"
EndProject
Project("{FAE04EC0-301F-11D3-BF4B-00C04F79EFBC}") = "MagicVilla_Web", "MagicVilla_Web\MagicVilla_Web.csproj", "{C7E38065-EFAE-46E8-9BBA-86A15F95036B}"
EndProject
Project("{FAE04EC0-301F-11D3-BF4B-00C04F79EFBC}") = "MagicVilla_Utility", "MagicVilla_Utility\MagicVilla_Utility.csproj", "{8AF24A6C-C2E1-4789-B7F1-9C9D1E8DA505}"
EndProject
Global
	GlobalSection(SolutionConfigurationPlatforms) = preSolution
		Debug|Any CPU = Debug|Any CPU
		Release|Any CPU = Release|Any CPU
	EndGlobalSection
	GlobalSection(ProjectConfigurationPlatforms) = postSolution
		{10AB8070-FA05-4A79-9323-B1ECA1C8C383}.Debug|Any CPU.ActiveCfg = Debug|Any CPU
		{10AB8070-FA05-4A79-9323-B1ECA1C8C383}.Debug|Any CPU.Build.0 = Debug|Any CPU
		{10AB8070-FA05-4A79-9323-B1ECA1C8C383}.Release|Any CPU.ActiveCfg = Release|Any CPU
		{10AB8070-FA05-4A79-9323-B1ECA1C8C383}.Release|Any CPU.Build.0 = Release|Any CPU
		{C7E38065-EFAE-46E8-9BBA-86A15F95036B}.Debug|Any CPU.ActiveCfg = Debug|Any CPU
		{C7E38065-EFAE-46E8-9BBA-86A15F95036B}.Debug|Any CPU.Build.0 = Debug|Any CPU
		{C7E38065-EFAE-46E8-9BBA-86A15F95036B}.Release|Any CPU.ActiveCfg = Release|Any CPU
		{C7E38065-EFAE-46E8-9BBA-86A15F95036B}.Release|Any CPU.Build.0 = Release|Any CPU
		{8AF24A6C-C2E1-4789-B7F1-9C9D1E8DA505}.Debug|Any CPU.ActiveCfg = Debug|Any CPU
		{8AF24A6C-C2E1-4789-B7F1-9C9D1E8DA505}.Debug|Any CPU.Build.0 = Debug|Any CPU
		{8AF24A6C-C2E1-4789-B7F1-9C9D1E8DA505}.Release|Any CPU.ActiveCfg = Release|Any CPU
		{8AF24A6C-C2E1-4789-B7F1-9C9D1E8DA505}.Release|Any CPU.Build.0 = Release|Any CPU
	EndGlobalSection
	GlobalSection(SolutionProperties) = preSolution
		HideSolutionNode = FALSE
	EndGlobalSection
	GlobalSection(ExtensibilityGlobals) = postSolution
		SolutionGuid = {45D3344F-F282-49D1-B2C0-14555622356E}
	EndGlobalSection
EndGlobal
